
Microsoft Visual Studio Solution File, Format Version 12.00
# Visual Studio Version 17
VisualStudioVersion = 17.4.33205.214
MinimumVisualStudioVersion = 10.0.40219.1
Project("{FAE04EC0-301F-11D3-BF4B-00C04F79EFBC}") = "Exercise4_APIPayments", "Exercise4_APIPayments\Exercise4_APIPayments.csproj", "{398CD77C-9369-4B2D-8135-10AF036F2D4B}"
EndProject
Global
	GlobalSection(SolutionConfigurationPlatforms) = preSolution
		Debug|Any CPU = Debug|Any CPU
		Release|Any CPU = Release|Any CPU
	EndGlobalSection
	GlobalSection(ProjectConfigurationPlatforms) = postSolution
		{398CD77C-9369-4B2D-8135-10AF036F2D4B}.Debug|Any CPU.ActiveCfg = Debug|Any CPU
		{398CD77C-9369-4B2D-8135-10AF036F2D4B}.Debug|Any CPU.Build.0 = Debug|Any CPU
		{398CD77C-9369-4B2D-8135-10AF036F2D4B}.Release|Any CPU.ActiveCfg = Release|Any CPU
		{398CD77C-9369-4B2D-8135-10AF036F2D4B}.Release|Any CPU.Build.0 = Release|Any CPU
	EndGlobalSection
	GlobalSection(SolutionProperties) = preSolution
		HideSolutionNode = FALSE
	EndGlobalSection
	GlobalSection(ExtensibilityGlobals) = postSolution
		SolutionGuid = {2D51998C-DDBC-4863-8F47-764E8165570C}
	EndGlobalSection
EndGlobal
